
Microsoft Visual Studio Solution File, Format Version 12.00
Project("{FAE04EC0-301F-11D3-BF4B-00C04F79EFBC}") = "WIS.WebApi.Host", "WIS.WebApi.Host\WIS.WebApi.Host.csproj", "{3CB2F812-0930-4E60-A089-BB9755838B26}"
EndProject
Project("{FAE04EC0-301F-11D3-BF4B-00C04F79EFBC}") = "WIS.Infrastructure.Inventory", "WIS.Infrastructure.Inventory\WIS.Infrastructure.Inventory.csproj", "{55CFAD15-A071-4CAA-A54B-AF61092FC425}"
EndProject
Project("{FAE04EC0-301F-11D3-BF4B-00C04F79EFBC}") = "WIS.Domain", "WIS.Domain\WIS.Domain.csproj", "{E4EDBEB0-809B-4FA8-9AF6-0F1485F04F1D}"
EndProject
Project("{FAE04EC0-301F-11D3-BF4B-00C04F79EFBC}") = "WIS.Application.Common", "WIS.Application.Common\WIS.Application.Common.csproj", "{E41A000F-564A-4B71-A7C6-E9ABA0B94012}"
EndProject
Project("{FAE04EC0-301F-11D3-BF4B-00C04F79EFBC}") = "MedistR", "MedistR\MedistR.csproj", "{EBB842A8-BC8A-4B2B-A806-BCBA31E3DF96}"
EndProject
Project("{FAE04EC0-301F-11D3-BF4B-00C04F79EFBC}") = "WIS.AuditService", "WIS.AuditService\WIS.AuditService.csproj", "{D37F4C2B-8638-42EB-8BAC-59C75484E05E}"
EndProject
Project("{FAE04EC0-301F-11D3-BF4B-00C04F79EFBC}") = "WIS.Messaging", "WIS.Messaging\WIS.Messaging.csproj", "{554D2F90-07F5-4A46-8087-D82C93A1C9ED}"
EndProject
Project("{FAE04EC0-301F-11D3-BF4B-00C04F79EFBC}") = "WIS.Application.AuditService", "WIS.Application.AuditService\WIS.Application.AuditService.csproj", "{36CA01B5-B6F9-46BB-B397-CF49344AC2A2}"
EndProject
Project("{FAE04EC0-301F-11D3-BF4B-00C04F79EFBC}") = "WIS.Infrastructure.Audit", "WIS.Infrastructure.Audit\WIS.Infrastructure.Audit.csproj", "{C4D50409-8DF8-4F71-9372-DC8718E2285B}"
EndProject
Global
	GlobalSection(SolutionConfigurationPlatforms) = preSolution
		Debug|Any CPU = Debug|Any CPU
		Release|Any CPU = Release|Any CPU
	EndGlobalSection
	GlobalSection(ProjectConfigurationPlatforms) = postSolution
		{3CB2F812-0930-4E60-A089-BB9755838B26}.Debug|Any CPU.ActiveCfg = Debug|Any CPU
		{3CB2F812-0930-4E60-A089-BB9755838B26}.Debug|Any CPU.Build.0 = Debug|Any CPU
		{3CB2F812-0930-4E60-A089-BB9755838B26}.Release|Any CPU.ActiveCfg = Release|Any CPU
		{3CB2F812-0930-4E60-A089-BB9755838B26}.Release|Any CPU.Build.0 = Release|Any CPU
		{55CFAD15-A071-4CAA-A54B-AF61092FC425}.Debug|Any CPU.ActiveCfg = Debug|Any CPU
		{55CFAD15-A071-4CAA-A54B-AF61092FC425}.Debug|Any CPU.Build.0 = Debug|Any CPU
		{55CFAD15-A071-4CAA-A54B-AF61092FC425}.Release|Any CPU.ActiveCfg = Release|Any CPU
		{55CFAD15-A071-4CAA-A54B-AF61092FC425}.Release|Any CPU.Build.0 = Release|Any CPU
		{E4EDBEB0-809B-4FA8-9AF6-0F1485F04F1D}.Debug|Any CPU.ActiveCfg = Debug|Any CPU
		{E4EDBEB0-809B-4FA8-9AF6-0F1485F04F1D}.Debug|Any CPU.Build.0 = Debug|Any CPU
		{E4EDBEB0-809B-4FA8-9AF6-0F1485F04F1D}.Release|Any CPU.ActiveCfg = Release|Any CPU
		{E4EDBEB0-809B-4FA8-9AF6-0F1485F04F1D}.Release|Any CPU.Build.0 = Release|Any CPU
		{E41A000F-564A-4B71-A7C6-E9ABA0B94012}.Debug|Any CPU.ActiveCfg = Debug|Any CPU
		{E41A000F-564A-4B71-A7C6-E9ABA0B94012}.Debug|Any CPU.Build.0 = Debug|Any CPU
		{E41A000F-564A-4B71-A7C6-E9ABA0B94012}.Release|Any CPU.ActiveCfg = Release|Any CPU
		{E41A000F-564A-4B71-A7C6-E9ABA0B94012}.Release|Any CPU.Build.0 = Release|Any CPU
		{EBB842A8-BC8A-4B2B-A806-BCBA31E3DF96}.Debug|Any CPU.ActiveCfg = Debug|Any CPU
		{EBB842A8-BC8A-4B2B-A806-BCBA31E3DF96}.Debug|Any CPU.Build.0 = Debug|Any CPU
		{EBB842A8-BC8A-4B2B-A806-BCBA31E3DF96}.Release|Any CPU.ActiveCfg = Release|Any CPU
		{EBB842A8-BC8A-4B2B-A806-BCBA31E3DF96}.Release|Any CPU.Build.0 = Release|Any CPU
		{D37F4C2B-8638-42EB-8BAC-59C75484E05E}.Debug|Any CPU.ActiveCfg = Debug|Any CPU
		{D37F4C2B-8638-42EB-8BAC-59C75484E05E}.Debug|Any CPU.Build.0 = Debug|Any CPU
		{D37F4C2B-8638-42EB-8BAC-59C75484E05E}.Release|Any CPU.ActiveCfg = Release|Any CPU
		{D37F4C2B-8638-42EB-8BAC-59C75484E05E}.Release|Any CPU.Build.0 = Release|Any CPU
		{554D2F90-07F5-4A46-8087-D82C93A1C9ED}.Debug|Any CPU.ActiveCfg = Debug|Any CPU
		{554D2F90-07F5-4A46-8087-D82C93A1C9ED}.Debug|Any CPU.Build.0 = Debug|Any CPU
		{554D2F90-07F5-4A46-8087-D82C93A1C9ED}.Release|Any CPU.ActiveCfg = Release|Any CPU
		{554D2F90-07F5-4A46-8087-D82C93A1C9ED}.Release|Any CPU.Build.0 = Release|Any CPU
		{36CA01B5-B6F9-46BB-B397-CF49344AC2A2}.Debug|Any CPU.ActiveCfg = Debug|Any CPU
		{36CA01B5-B6F9-46BB-B397-CF49344AC2A2}.Debug|Any CPU.Build.0 = Debug|Any CPU
		{36CA01B5-B6F9-46BB-B397-CF49344AC2A2}.Release|Any CPU.ActiveCfg = Release|Any CPU
		{36CA01B5-B6F9-46BB-B397-CF49344AC2A2}.Release|Any CPU.Build.0 = Release|Any CPU
		{C4D50409-8DF8-4F71-9372-DC8718E2285B}.Debug|Any CPU.ActiveCfg = Debug|Any CPU
		{C4D50409-8DF8-4F71-9372-DC8718E2285B}.Debug|Any CPU.Build.0 = Debug|Any CPU
		{C4D50409-8DF8-4F71-9372-DC8718E2285B}.Release|Any CPU.ActiveCfg = Release|Any CPU
		{C4D50409-8DF8-4F71-9372-DC8718E2285B}.Release|Any CPU.Build.0 = Release|Any CPU
	EndGlobalSection
EndGlobal
